<?xml version="1.0" encoding="utf-8"?>
<Project ToolsVersion="4.0" xmlns="http://schemas.microsoft.com/developer/msbuild/2003">
  <ItemGroup>
    <Filter Include="Source Files">
      <UniqueIdentifier>{4FC737F1-C7A5-4376-A066-2A32D752A2FF}</UniqueIdentifier>
      <Extensions>cpp;c;cc;cxx;def;odl;idl;hpj;bat;asm;asmx</Extensions>
    </Filter>
    <Filter Include="Header Files">
      <UniqueIdentifier>{93995380-89BD-4b04-88EB-625FBE52EBFB}</UniqueIdentifier>
      <Extensions>h;hpp;hxx;hm;inl;inc;xsd</Extensions>
    </Filter>
    <Filter Include="Resource Files">
      <UniqueIdentifier>{67DA6AB6-F800-4c08-8B7A-83BB121AAD01}</UniqueIdentifier>
      <Extensions>rc;ico;cur;bmp;dlg;rc2;rct;bin;rgs;gif;jpg;jpeg;jpe;resx;tiff;tif;png;wav</Extensions>
    </Filter>
  </ItemGroup>
  <ItemGroup>
    <ClCompile Include="FootMarkdlg.cpp">
      <Filter>Source Files</Filter>
    </ClCompile>
    <ClCompile Include="LinkList.cpp">
      <Filter>Source Files</Filter>
    </ClCompile>
    <ClCompile Include="LocationGraph.cpp">
      <Filter>Source Files</Filter>
    </ClCompile>
    <ClCompile Include="MainUI.cpp">
      <Filter>Source Files</Filter>
    </ClCompile>
    <ClCompile Include="MainUIDlg.cpp">
      <Filter>Source Files</Filter>
    </ClCompile>
    <ClCompile Include="Node.cpp">
      <Filter>Source Files</Filter>
    </ClCompile>
    <ClCompile Include="PictureInfoList.cpp">
      <Filter>Source Files</Filter>
    </ClCompile>
    <ClCompile Include="PictureRecord.cpp">
      <Filter>Source Files</Filter>
    </ClCompile>
    <ClCompile Include="stdafx.cpp">
      <Filter>Source Files</Filter>
    </ClCompile>
    <ClCompile Include="TLSearchDlg.cpp">
      <Filter>Source Files</Filter>
    </ClCompile>
    <ClCompile Include="LOSearchDlg.cpp">
      <Filter>Source Files</Filter>
    </ClCompile>
    <ClCompile Include="INSERTDlg.cpp">
      <Filter>Source Files</Filter>
    </ClCompile>
    <ClCompile Include="PdfJpeg.cpp">
      <Filter>Source Files</Filter>
    </ClCompile>
    <ClCompile Include="DELETEDlg.cpp">
      <Filter>Source Files</Filter>
    </ClCompile>
    <ClCompile Include="REPLACE.cpp">
      <Filter>Source Files</Filter>
    </ClCompile>
    <ClCompile Include="NewFootMarkDlg.cpp">
      <Filter>Source Files</Filter>
    </ClCompile>
    <ClCompile Include="PicShow.cpp">
      <Filter>Source Files</Filter>
    </ClCompile>
    <ClCompile Include="Graph.cpp">
      <Filter>Source Files</Filter>
    </ClCompile>
    <ClCompile Include="GraphLegend.cpp">
      <Filter>Source Files</Filter>
    </ClCompile>
    <ClCompile Include="GraphSeries.cpp">
      <Filter>Source Files</Filter>
    </ClCompile>
    <ClCompile Include="TimeTest.cpp">
      <Filter>Source Files</Filter>
    </ClCompile>
    <ClCompile Include="EXPLORER.cpp">
      <Filter>Source Files</Filter>
    </ClCompile>
    <ClCompile Include="FootMarkShow.cpp">
      <Filter>Source Files</Filter>
    </ClCompile>
    <ClCompile Include="Login.cpp">
      <Filter>Source Files</Filter>
    </ClCompile>
  </ItemGroup>
  <ItemGroup>
    <ClInclude Include="FootMarkdlg.h">
      <Filter>Header Files</Filter>
    </ClInclude>
    <ClInclude Include="LinkList.h">
      <Filter>Header Files</Filter>
    </ClInclude>
    <ClInclude Include="LocationGraph.h">
      <Filter>Header Files</Filter>
    </ClInclude>
    <ClInclude Include="MainUI.h">
      <Filter>Header Files</Filter>
    </ClInclude>
    <ClInclude Include="MainUIDlg.h">
      <Filter>Header Files</Filter>
    </ClInclude>
    <ClInclude Include="Node.h">
      <Filter>Header Files</Filter>
    </ClInclude>
    <ClInclude Include="PictureInfoList.h">
      <Filter>Header Files</Filter>
    </ClInclude>
    <ClInclude Include="PictureRecord.h">
      <Filter>Header Files</Filter>
    </ClInclude>
    <ClInclude Include="Resource.h">
      <Filter>Header Files</Filter>
    </ClInclude>
    <ClInclude Include="stdafx.h">
      <Filter>Header Files</Filter>
    </ClInclude>
    <ClInclude Include="targetver.h">
      <Filter>Header Files</Filter>
    </ClInclude>
    <ClInclude Include="TLSearchDlg.h">
      <Filter>Header Files</Filter>
    </ClInclude>
    <ClInclude Include="VertexRecord.h">
      <Filter>Header Files</Filter>
    </ClInclude>
    <ClInclude Include="LOSearchDlg.h">
      <Filter>Header Files</Filter>
    </ClInclude>
    <ClInclude Include="INSERTDlg.h">
      <Filter>Header Files</Filter>
    </ClInclude>
    <ClInclude Include="PdfJpeg.h">
      <Filter>Header Files</Filter>
    </ClInclude>
    <ClInclude Include="DELETEDlg.h">
      <Filter>Header Files</Filter>
    </ClInclude>
    <ClInclude Include="REPLACE.h">
      <Filter>Header Files</Filter>
    </ClInclude>
    <ClInclude Include="NewFootMarkDlg.h">
      <Filter>Header Files</Filter>
    </ClInclude>
    <ClInclude Include="PicShow.h">
      <Filter>Header Files</Filter>
    </ClInclude>
    <ClInclude Include="Graph.h">
      <Filter>Header Files</Filter>
    </ClInclude>
    <ClInclude Include="GraphLegend.h">
      <Filter>Header Files</Filter>
    </ClInclude>
    <ClInclude Include="GraphSeries.h">
      <Filter>Header Files</Filter>
    </ClInclude>
    <ClInclude Include="TimeTest.h">
      <Filter>Header Files</Filter>
    </ClInclude>
    <ClInclude Include="EXPLORER.h">
      <Filter>Header Files</Filter>
    </ClInclude>
    <ClInclude Include="FootMarkShow.h">
      <Filter>Header Files</Filter>
    </ClInclude>
    <ClInclude Include="Login.h">
      <Filter>Header Files</Filter>
    </ClInclude>
  </ItemGroup>
  <ItemGroup>
    <Image Include="bitmap2.bmp">
      <Filter>Resource Files</Filter>
    </Image>
    <Image Include="res\MainUI.ico">
      <Filter>Resource Files</Filter>
    </Image>
    <Image Include="..\..\..\Day6\MainUI合并后台程序后足迹\MainUI\bitmap2.bmp">
      <Filter>Resource Files</Filter>
    </Image>
    <Image Include="..\..\4MainUI合并后台程序后查询V1\MainUI\bitmap2.bmp">
      <Filter>Resource Files</Filter>
    </Image>
    <Image Include="res\bitmap2.bmp">
      <Filter>Resource Files</Filter>
    </Image>
    <Image Include="bitmap3.bmp">
      <Filter>Resource Files</Filter>
    </Image>
    <Image Include="res\1.bmp">
      <Filter>Resource Files</Filter>
    </Image>
    <Image Include="res\2.bmp">
      <Filter>Resource Files</Filter>
    </Image>
    <Image Include="res\3.bmp">
      <Filter>Resource Files</Filter>
    </Image>
  </ItemGroup>
  <ItemGroup>
    <ResourceCompile Include="MainUI.rc">
      <Filter>Resource Files</Filter>
    </ResourceCompile>
  </ItemGroup>
  <ItemGroup>
    <None Include="res\MainUI.rc2">
      <Filter>Resource Files</Filter>
    </None>
    <None Include="info.csv" />
  </ItemGroup>
  <ItemGroup>
    <Text Include="graphVertex.txt" />
    <Text Include="info.txt" />
    <Text Include="ReadMe.txt" />
    <Text Include="infoNoPicture.txt" />
    <Text Include="introduction.txt" />
    <Text Include="MyInfo.txt" />
    <Text Include="pictureNames.txt" />
    <Text Include="pictureNoInfo.txt" />
  </ItemGroup>
</Project>